
Microsoft Visual Studio Solution File, Format Version 12.00
# Visual Studio Version 17
VisualStudioVersion = 17.14.36429.23
MinimumVisualStudioVersion = 10.0.40219.1
Project("{FAE04EC0-301F-11D3-BF4B-00C04F79EFBC}") = "ProjectEXE01", "ProjectEXE01\ProjectEXE01.csproj", "{93B59FED-D8A3-4D34-908B-419849AE1AD3}"
EndProject
Project("{FAE04EC0-301F-11D3-BF4B-00C04F79EFBC}") = "DAL", "DAL\DAL.csproj", "{DC9EE32C-69DB-4D72-9B16-5410F979E6FE}"
EndProject
Project("{FAE04EC0-301F-11D3-BF4B-00C04F79EFBC}") = "BLL", "BLL\BLL.csproj", "{3547F916-9D14-45C7-A567-94F83354908D}"
EndProject
Project("{FAE04EC0-301F-11D3-BF4B-00C04F79EFBC}") = "WebAdmin", "WebApplication1\WebAdmin.csproj", "{5BDAA9BD-B228-43B1-B6B2-CFEA3C0F156F}"
EndProject
Global
	GlobalSection(SolutionConfigurationPlatforms) = preSolution
		Debug|Any CPU = Debug|Any CPU
		Release|Any CPU = Release|Any CPU
	EndGlobalSection
	GlobalSection(ProjectConfigurationPlatforms) = postSolution
		{93B59FED-D8A3-4D34-908B-419849AE1AD3}.Debug|Any CPU.ActiveCfg = Debug|Any CPU
		{93B59FED-D8A3-4D34-908B-419849AE1AD3}.Debug|Any CPU.Build.0 = Debug|Any CPU
		{93B59FED-D8A3-4D34-908B-419849AE1AD3}.Release|Any CPU.ActiveCfg = Release|Any CPU
		{93B59FED-D8A3-4D34-908B-419849AE1AD3}.Release|Any CPU.Build.0 = Release|Any CPU
		{DC9EE32C-69DB-4D72-9B16-5410F979E6FE}.Debug|Any CPU.ActiveCfg = Debug|Any CPU
		{DC9EE32C-69DB-4D72-9B16-5410F979E6FE}.Debug|Any CPU.Build.0 = Debug|Any CPU
		{DC9EE32C-69DB-4D72-9B16-5410F979E6FE}.Release|Any CPU.ActiveCfg = Release|Any CPU
		{DC9EE32C-69DB-4D72-9B16-5410F979E6FE}.Release|Any CPU.Build.0 = Release|Any CPU
		{3547F916-9D14-45C7-A567-94F83354908D}.Debug|Any CPU.ActiveCfg = Debug|Any CPU
		{3547F916-9D14-45C7-A567-94F83354908D}.Debug|Any CPU.Build.0 = Debug|Any CPU
		{3547F916-9D14-45C7-A567-94F83354908D}.Release|Any CPU.ActiveCfg = Release|Any CPU
		{3547F916-9D14-45C7-A567-94F83354908D}.Release|Any CPU.Build.0 = Release|Any CPU
		{5BDAA9BD-B228-43B1-B6B2-CFEA3C0F156F}.Debug|Any CPU.ActiveCfg = Debug|Any CPU
		{5BDAA9BD-B228-43B1-B6B2-CFEA3C0F156F}.Debug|Any CPU.Build.0 = Debug|Any CPU
		{5BDAA9BD-B228-43B1-B6B2-CFEA3C0F156F}.Release|Any CPU.ActiveCfg = Release|Any CPU
		{5BDAA9BD-B228-43B1-B6B2-CFEA3C0F156F}.Release|Any CPU.Build.0 = Release|Any CPU
	EndGlobalSection
	GlobalSection(SolutionProperties) = preSolution
		HideSolutionNode = FALSE
	EndGlobalSection
	GlobalSection(ExtensibilityGlobals) = postSolution
		SolutionGuid = {E8791057-667A-42B1-935C-6378C0AE2567}
	EndGlobalSection
EndGlobal
